
Microsoft Visual Studio Solution File, Format Version 12.00
# Visual Studio 15
VisualStudioVersion = 15.0.28307.572
MinimumVisualStudioVersion = 10.0.40219.1
Project("{FAE04EC0-301F-11D3-BF4B-00C04F79EFBC}") = "cstech", "cstech\cstech.csproj", "{A19AD9DC-B628-4290-A762-4BFDB8036B99}"
EndProject
Global
	GlobalSection(SolutionConfigurationPlatforms) = preSolution
		Debug|Any CPU = Debug|Any CPU
		Release|Any CPU = Release|Any CPU
	EndGlobalSection
	GlobalSection(ProjectConfigurationPlatforms) = postSolution
		{A19AD9DC-B628-4290-A762-4BFDB8036B99}.Debug|Any CPU.ActiveCfg = Debug|Any CPU
		{A19AD9DC-B628-4290-A762-4BFDB8036B99}.Debug|Any CPU.Build.0 = Debug|Any CPU
		{A19AD9DC-B628-4290-A762-4BFDB8036B99}.Release|Any CPU.ActiveCfg = Release|Any CPU
		{A19AD9DC-B628-4290-A762-4BFDB8036B99}.Release|Any CPU.Build.0 = Release|Any CPU
	EndGlobalSection
	GlobalSection(SolutionProperties) = preSolution
		HideSolutionNode = FALSE
	EndGlobalSection
	GlobalSection(ExtensibilityGlobals) = postSolution
		SolutionGuid = {46CCAC86-2C72-4A22-8692-A9B9187E8980}
	EndGlobalSection
EndGlobal
